
Microsoft Visual Studio Solution File, Format Version 12.00
# Visual Studio Version 17
VisualStudioVersion = 17.7.34018.315
MinimumVisualStudioVersion = 10.0.40219.1
Project("{FAE04EC0-301F-11D3-BF4B-00C04F79EFBC}") = "02.DeliveryBoy", "02.DeliveryBoy\02.DeliveryBoy.csproj", "{D6A2734B-6098-4A4A-9DE3-3BE34DA8B5C0}"
EndProject
Global
	GlobalSection(SolutionConfigurationPlatforms) = preSolution
		Debug|Any CPU = Debug|Any CPU
		Release|Any CPU = Release|Any CPU
	EndGlobalSection
	GlobalSection(ProjectConfigurationPlatforms) = postSolution
		{D6A2734B-6098-4A4A-9DE3-3BE34DA8B5C0}.Debug|Any CPU.ActiveCfg = Debug|Any CPU
		{D6A2734B-6098-4A4A-9DE3-3BE34DA8B5C0}.Debug|Any CPU.Build.0 = Debug|Any CPU
		{D6A2734B-6098-4A4A-9DE3-3BE34DA8B5C0}.Release|Any CPU.ActiveCfg = Release|Any CPU
		{D6A2734B-6098-4A4A-9DE3-3BE34DA8B5C0}.Release|Any CPU.Build.0 = Release|Any CPU
	EndGlobalSection
	GlobalSection(SolutionProperties) = preSolution
		HideSolutionNode = FALSE
	EndGlobalSection
	GlobalSection(ExtensibilityGlobals) = postSolution
		SolutionGuid = {77454783-2FCE-4CF2-B43B-5C5C488EC852}
	EndGlobalSection
EndGlobal
