
Microsoft Visual Studio Solution File, Format Version 12.00
# Visual Studio Version 17
VisualStudioVersion = 17.7.34009.444
MinimumVisualStudioVersion = 10.0.40219.1
Project("{FAE04EC0-301F-11D3-BF4B-00C04F79EFBC}") = "3.Stack", "3.Stack\3.Stack.csproj", "{EC555670-6582-4B14-8FEC-8ADBC7EC3AB9}"
EndProject
Global
	GlobalSection(SolutionConfigurationPlatforms) = preSolution
		Debug|Any CPU = Debug|Any CPU
		Release|Any CPU = Release|Any CPU
	EndGlobalSection
	GlobalSection(ProjectConfigurationPlatforms) = postSolution
		{EC555670-6582-4B14-8FEC-8ADBC7EC3AB9}.Debug|Any CPU.ActiveCfg = Debug|Any CPU
		{EC555670-6582-4B14-8FEC-8ADBC7EC3AB9}.Debug|Any CPU.Build.0 = Debug|Any CPU
		{EC555670-6582-4B14-8FEC-8ADBC7EC3AB9}.Release|Any CPU.ActiveCfg = Release|Any CPU
		{EC555670-6582-4B14-8FEC-8ADBC7EC3AB9}.Release|Any CPU.Build.0 = Release|Any CPU
	EndGlobalSection
	GlobalSection(SolutionProperties) = preSolution
		HideSolutionNode = FALSE
	EndGlobalSection
	GlobalSection(ExtensibilityGlobals) = postSolution
		SolutionGuid = {316C25AA-D129-4CCF-8278-9670978D818C}
	EndGlobalSection
EndGlobal
