
Microsoft Visual Studio Solution File, Format Version 12.00
# Visual Studio Version 17
VisualStudioVersion = 17.7.34024.191
MinimumVisualStudioVersion = 10.0.40219.1
Project("{9A19103F-16F7-4668-BE54-9A1E7A4F7556}") = "5.ComparingObjects", "5.Comparing Objects\5.ComparingObjects.csproj", "{E97EDEC9-DCC9-4BCB-980C-F60E72CDCBEF}"
EndProject
Global
	GlobalSection(SolutionConfigurationPlatforms) = preSolution
		Debug|Any CPU = Debug|Any CPU
		Release|Any CPU = Release|Any CPU
	EndGlobalSection
	GlobalSection(ProjectConfigurationPlatforms) = postSolution
		{E97EDEC9-DCC9-4BCB-980C-F60E72CDCBEF}.Debug|Any CPU.ActiveCfg = Debug|Any CPU
		{E97EDEC9-DCC9-4BCB-980C-F60E72CDCBEF}.Debug|Any CPU.Build.0 = Debug|Any CPU
		{E97EDEC9-DCC9-4BCB-980C-F60E72CDCBEF}.Release|Any CPU.ActiveCfg = Release|Any CPU
		{E97EDEC9-DCC9-4BCB-980C-F60E72CDCBEF}.Release|Any CPU.Build.0 = Release|Any CPU
	EndGlobalSection
	GlobalSection(SolutionProperties) = preSolution
		HideSolutionNode = FALSE
	EndGlobalSection
	GlobalSection(ExtensibilityGlobals) = postSolution
		SolutionGuid = {4A736DDC-60DD-496A-804D-4C78D5CA9EB3}
	EndGlobalSection
EndGlobal
