
Microsoft Visual Studio Solution File, Format Version 12.00
# Visual Studio Version 17
VisualStudioVersion = 17.8.34330.188
MinimumVisualStudioVersion = 10.0.40219.1
Project("{9A19103F-16F7-4668-BE54-9A1E7A4F7556}") = "HouseRentingSystem", "HouseRentingSystem\HouseRentingSystem.csproj", "{681276EC-4FC5-468A-9490-B1AE40B3A811}"
EndProject
Project("{2150E333-8FDC-42A3-9474-1A3956D46DE8}") = "Data", "Data", "{99B64C17-5BFB-4E1A-A33C-8F87DEFD7EE3}"
EndProject
Project("{2150E333-8FDC-42A3-9474-1A3956D46DE8}") = "Web", "Web", "{909C9895-730F-4B4B-886E-23B691445EEA}"
EndProject
Project("{9A19103F-16F7-4668-BE54-9A1E7A4F7556}") = "HouseRentingSystem.Data", "HouseRentingSystem.Data\HouseRentingSystem.Data.csproj", "{A11E0EA7-0722-4CF3-AF84-68BAA42E4D61}"
EndProject
Project("{9A19103F-16F7-4668-BE54-9A1E7A4F7556}") = "HouseRentingSystem.Data.Models", "HouseRentingSystem.Data.Models\HouseRentingSystem.Data.Models.csproj", "{1C85D7E8-38CA-4AB6-9949-247335B804DC}"
EndProject
Project("{9A19103F-16F7-4668-BE54-9A1E7A4F7556}") = "HouseRentingSystem.Web.ViewModels", "HouseRentingSystem.Web.ViewModels\HouseRentingSystem.Web.ViewModels.csproj", "{6B8D5630-C05C-4707-99EC-B5B75F3B5F5E}"
EndProject
Project("{9A19103F-16F7-4668-BE54-9A1E7A4F7556}") = "HouseRentingSystem.Common", "HouseRentingSystem.Common\HouseRentingSystem.Common.csproj", "{AF96D0FF-742E-486C-A3D7-20516C7C44D9}"
EndProject
Project("{2150E333-8FDC-42A3-9474-1A3956D46DE8}") = "Services", "Services", "{3686C057-0213-4E52-9F06-D2ECA7CFE7CF}"
EndProject
Project("{FAE04EC0-301F-11D3-BF4B-00C04F79EFBC}") = "HouseRentingSystems.Services.Data", "HouseRentingSystems.Services.Data\HouseRentingSystems.Services.Data.csproj", "{E85F266F-F47D-4431-BD16-4D28BF47EAA0}"
EndProject
Global
	GlobalSection(SolutionConfigurationPlatforms) = preSolution
		Debug|Any CPU = Debug|Any CPU
		Release|Any CPU = Release|Any CPU
	EndGlobalSection
	GlobalSection(ProjectConfigurationPlatforms) = postSolution
		{681276EC-4FC5-468A-9490-B1AE40B3A811}.Debug|Any CPU.ActiveCfg = Debug|Any CPU
		{681276EC-4FC5-468A-9490-B1AE40B3A811}.Debug|Any CPU.Build.0 = Debug|Any CPU
		{681276EC-4FC5-468A-9490-B1AE40B3A811}.Release|Any CPU.ActiveCfg = Release|Any CPU
		{681276EC-4FC5-468A-9490-B1AE40B3A811}.Release|Any CPU.Build.0 = Release|Any CPU
		{A11E0EA7-0722-4CF3-AF84-68BAA42E4D61}.Debug|Any CPU.ActiveCfg = Debug|Any CPU
		{A11E0EA7-0722-4CF3-AF84-68BAA42E4D61}.Debug|Any CPU.Build.0 = Debug|Any CPU
		{A11E0EA7-0722-4CF3-AF84-68BAA42E4D61}.Release|Any CPU.ActiveCfg = Release|Any CPU
		{A11E0EA7-0722-4CF3-AF84-68BAA42E4D61}.Release|Any CPU.Build.0 = Release|Any CPU
		{1C85D7E8-38CA-4AB6-9949-247335B804DC}.Debug|Any CPU.ActiveCfg = Debug|Any CPU
		{1C85D7E8-38CA-4AB6-9949-247335B804DC}.Debug|Any CPU.Build.0 = Debug|Any CPU
		{1C85D7E8-38CA-4AB6-9949-247335B804DC}.Release|Any CPU.ActiveCfg = Release|Any CPU
		{1C85D7E8-38CA-4AB6-9949-247335B804DC}.Release|Any CPU.Build.0 = Release|Any CPU
		{6B8D5630-C05C-4707-99EC-B5B75F3B5F5E}.Debug|Any CPU.ActiveCfg = Debug|Any CPU
		{6B8D5630-C05C-4707-99EC-B5B75F3B5F5E}.Debug|Any CPU.Build.0 = Debug|Any CPU
		{6B8D5630-C05C-4707-99EC-B5B75F3B5F5E}.Release|Any CPU.ActiveCfg = Release|Any CPU
		{6B8D5630-C05C-4707-99EC-B5B75F3B5F5E}.Release|Any CPU.Build.0 = Release|Any CPU
		{AF96D0FF-742E-486C-A3D7-20516C7C44D9}.Debug|Any CPU.ActiveCfg = Debug|Any CPU
		{AF96D0FF-742E-486C-A3D7-20516C7C44D9}.Debug|Any CPU.Build.0 = Debug|Any CPU
		{AF96D0FF-742E-486C-A3D7-20516C7C44D9}.Release|Any CPU.ActiveCfg = Release|Any CPU
		{AF96D0FF-742E-486C-A3D7-20516C7C44D9}.Release|Any CPU.Build.0 = Release|Any CPU
		{E85F266F-F47D-4431-BD16-4D28BF47EAA0}.Debug|Any CPU.ActiveCfg = Debug|Any CPU
		{E85F266F-F47D-4431-BD16-4D28BF47EAA0}.Debug|Any CPU.Build.0 = Debug|Any CPU
		{E85F266F-F47D-4431-BD16-4D28BF47EAA0}.Release|Any CPU.ActiveCfg = Release|Any CPU
		{E85F266F-F47D-4431-BD16-4D28BF47EAA0}.Release|Any CPU.Build.0 = Release|Any CPU
	EndGlobalSection
	GlobalSection(SolutionProperties) = preSolution
		HideSolutionNode = FALSE
	EndGlobalSection
	GlobalSection(NestedProjects) = preSolution
		{681276EC-4FC5-468A-9490-B1AE40B3A811} = {909C9895-730F-4B4B-886E-23B691445EEA}
		{A11E0EA7-0722-4CF3-AF84-68BAA42E4D61} = {99B64C17-5BFB-4E1A-A33C-8F87DEFD7EE3}
		{1C85D7E8-38CA-4AB6-9949-247335B804DC} = {99B64C17-5BFB-4E1A-A33C-8F87DEFD7EE3}
		{6B8D5630-C05C-4707-99EC-B5B75F3B5F5E} = {909C9895-730F-4B4B-886E-23B691445EEA}
		{E85F266F-F47D-4431-BD16-4D28BF47EAA0} = {3686C057-0213-4E52-9F06-D2ECA7CFE7CF}
	EndGlobalSection
	GlobalSection(ExtensibilityGlobals) = postSolution
		SolutionGuid = {BCB649DB-DFC2-4357-8810-B74AFB60EDE3}
	EndGlobalSection
EndGlobal
