
Microsoft Visual Studio Solution File, Format Version 12.00
# Visual Studio Version 17
VisualStudioVersion = 17.7.34009.444
MinimumVisualStudioVersion = 10.0.40219.1
Project("{FAE04EC0-301F-11D3-BF4B-00C04F79EFBC}") = "DefineanInterfaceIPerson", "DefineanInterfaceIPerson\DefineanInterfaceIPerson.csproj", "{4A99C1BB-1D88-4F46-BD6C-F874FA7EE84C}"
EndProject
Global
	GlobalSection(SolutionConfigurationPlatforms) = preSolution
		Debug|Any CPU = Debug|Any CPU
		Release|Any CPU = Release|Any CPU
	EndGlobalSection
	GlobalSection(ProjectConfigurationPlatforms) = postSolution
		{4A99C1BB-1D88-4F46-BD6C-F874FA7EE84C}.Debug|Any CPU.ActiveCfg = Debug|Any CPU
		{4A99C1BB-1D88-4F46-BD6C-F874FA7EE84C}.Debug|Any CPU.Build.0 = Debug|Any CPU
		{4A99C1BB-1D88-4F46-BD6C-F874FA7EE84C}.Release|Any CPU.ActiveCfg = Release|Any CPU
		{4A99C1BB-1D88-4F46-BD6C-F874FA7EE84C}.Release|Any CPU.Build.0 = Release|Any CPU
	EndGlobalSection
	GlobalSection(SolutionProperties) = preSolution
		HideSolutionNode = FALSE
	EndGlobalSection
	GlobalSection(ExtensibilityGlobals) = postSolution
		SolutionGuid = {BBD00E20-7191-49F4-A446-0A5ABB49CA13}
	EndGlobalSection
EndGlobal
