
Microsoft Visual Studio Solution File, Format Version 12.00
# Visual Studio Version 17
VisualStudioVersion = 17.7.34024.191
MinimumVisualStudioVersion = 10.0.40219.1
Project("{FAE04EC0-301F-11D3-BF4B-00C04F79EFBC}") = "CarManufacturer", "CarManufacturer\CarManufacturer.csproj", "{201298CB-D019-47E4-90F7-A27F33A95122}"
EndProject
Global
	GlobalSection(SolutionConfigurationPlatforms) = preSolution
		Debug|Any CPU = Debug|Any CPU
		Release|Any CPU = Release|Any CPU
	EndGlobalSection
	GlobalSection(ProjectConfigurationPlatforms) = postSolution
		{201298CB-D019-47E4-90F7-A27F33A95122}.Debug|Any CPU.ActiveCfg = Debug|Any CPU
		{201298CB-D019-47E4-90F7-A27F33A95122}.Debug|Any CPU.Build.0 = Debug|Any CPU
		{201298CB-D019-47E4-90F7-A27F33A95122}.Release|Any CPU.ActiveCfg = Release|Any CPU
		{201298CB-D019-47E4-90F7-A27F33A95122}.Release|Any CPU.Build.0 = Release|Any CPU
	EndGlobalSection
	GlobalSection(SolutionProperties) = preSolution
		HideSolutionNode = FALSE
	EndGlobalSection
	GlobalSection(ExtensibilityGlobals) = postSolution
		SolutionGuid = {F40D440B-69EE-4F45-8C47-BB5976A213E5}
	EndGlobalSection
EndGlobal
