
Microsoft Visual Studio Solution File, Format Version 12.00
# Visual Studio Version 17
VisualStudioVersion = 17.7.34024.191
MinimumVisualStudioVersion = 10.0.40219.1
Project("{FAE04EC0-301F-11D3-BF4B-00C04F79EFBC}") = "01.Temple of Doom", "01.Temple of Doom\01.Temple of Doom.csproj", "{24B188EF-FF06-4A04-BEAE-0720D6C9C41A}"
EndProject
Global
	GlobalSection(SolutionConfigurationPlatforms) = preSolution
		Debug|Any CPU = Debug|Any CPU
		Release|Any CPU = Release|Any CPU
	EndGlobalSection
	GlobalSection(ProjectConfigurationPlatforms) = postSolution
		{24B188EF-FF06-4A04-BEAE-0720D6C9C41A}.Debug|Any CPU.ActiveCfg = Debug|Any CPU
		{24B188EF-FF06-4A04-BEAE-0720D6C9C41A}.Debug|Any CPU.Build.0 = Debug|Any CPU
		{24B188EF-FF06-4A04-BEAE-0720D6C9C41A}.Release|Any CPU.ActiveCfg = Release|Any CPU
		{24B188EF-FF06-4A04-BEAE-0720D6C9C41A}.Release|Any CPU.Build.0 = Release|Any CPU
	EndGlobalSection
	GlobalSection(SolutionProperties) = preSolution
		HideSolutionNode = FALSE
	EndGlobalSection
	GlobalSection(ExtensibilityGlobals) = postSolution
		SolutionGuid = {CE8B114F-F983-4B4A-A1E7-16C7F12D9B50}
	EndGlobalSection
EndGlobal
