
Microsoft Visual Studio Solution File, Format Version 12.00
# Visual Studio Version 17
VisualStudioVersion = 17.7.34009.444
MinimumVisualStudioVersion = 10.0.40219.1
Project("{FAE04EC0-301F-11D3-BF4B-00C04F79EFBC}") = "P02_FootballBetting", "P02_FootballBetting\P02_FootballBetting.csproj", "{663DBC40-4C31-4A04-A603-33C294DD3EB6}"
EndProject
Project("{FAE04EC0-301F-11D3-BF4B-00C04F79EFBC}") = "P02_FootballBetting.Data", "P02_FootballBetting.Data\P02_FootballBetting.Data.csproj", "{05A2E2E5-4319-42F2-A1F0-502AB7DEA308}"
EndProject
Project("{FAE04EC0-301F-11D3-BF4B-00C04F79EFBC}") = "P02_FootballBetting.Data.Models", "P02_FootballBetting.Data.Models\P02_FootballBetting.Data.Models.csproj", "{BF943BB5-9EC4-4322-A51D-A4C7DB8BB23F}"
EndProject
Global
	GlobalSection(SolutionConfigurationPlatforms) = preSolution
		Debug|Any CPU = Debug|Any CPU
		Release|Any CPU = Release|Any CPU
	EndGlobalSection
	GlobalSection(ProjectConfigurationPlatforms) = postSolution
		{663DBC40-4C31-4A04-A603-33C294DD3EB6}.Debug|Any CPU.ActiveCfg = Debug|Any CPU
		{663DBC40-4C31-4A04-A603-33C294DD3EB6}.Debug|Any CPU.Build.0 = Debug|Any CPU
		{663DBC40-4C31-4A04-A603-33C294DD3EB6}.Release|Any CPU.ActiveCfg = Release|Any CPU
		{663DBC40-4C31-4A04-A603-33C294DD3EB6}.Release|Any CPU.Build.0 = Release|Any CPU
		{05A2E2E5-4319-42F2-A1F0-502AB7DEA308}.Debug|Any CPU.ActiveCfg = Debug|Any CPU
		{05A2E2E5-4319-42F2-A1F0-502AB7DEA308}.Debug|Any CPU.Build.0 = Debug|Any CPU
		{05A2E2E5-4319-42F2-A1F0-502AB7DEA308}.Release|Any CPU.ActiveCfg = Release|Any CPU
		{05A2E2E5-4319-42F2-A1F0-502AB7DEA308}.Release|Any CPU.Build.0 = Release|Any CPU
		{BF943BB5-9EC4-4322-A51D-A4C7DB8BB23F}.Debug|Any CPU.ActiveCfg = Debug|Any CPU
		{BF943BB5-9EC4-4322-A51D-A4C7DB8BB23F}.Debug|Any CPU.Build.0 = Debug|Any CPU
		{BF943BB5-9EC4-4322-A51D-A4C7DB8BB23F}.Release|Any CPU.ActiveCfg = Release|Any CPU
		{BF943BB5-9EC4-4322-A51D-A4C7DB8BB23F}.Release|Any CPU.Build.0 = Release|Any CPU
	EndGlobalSection
	GlobalSection(SolutionProperties) = preSolution
		HideSolutionNode = FALSE
	EndGlobalSection
	GlobalSection(ExtensibilityGlobals) = postSolution
		SolutionGuid = {72047ADC-E758-4987-B3D6-A57B5BFFEF5A}
	EndGlobalSection
EndGlobal
