
Microsoft Visual Studio Solution File, Format Version 12.00
# Visual Studio Version 17
VisualStudioVersion = 17.7.34009.444
MinimumVisualStudioVersion = 10.0.40219.1
Project("{FAE04EC0-301F-11D3-BF4B-00C04F79EFBC}") = "06.RecordUniqueNames", "06.RecordUniqueNames\06.RecordUniqueNames.csproj", "{A46943CA-82D7-40F8-BE1C-F2C65FC876B9}"
EndProject
Global
	GlobalSection(SolutionConfigurationPlatforms) = preSolution
		Debug|Any CPU = Debug|Any CPU
		Release|Any CPU = Release|Any CPU
	EndGlobalSection
	GlobalSection(ProjectConfigurationPlatforms) = postSolution
		{A46943CA-82D7-40F8-BE1C-F2C65FC876B9}.Debug|Any CPU.ActiveCfg = Debug|Any CPU
		{A46943CA-82D7-40F8-BE1C-F2C65FC876B9}.Debug|Any CPU.Build.0 = Debug|Any CPU
		{A46943CA-82D7-40F8-BE1C-F2C65FC876B9}.Release|Any CPU.ActiveCfg = Release|Any CPU
		{A46943CA-82D7-40F8-BE1C-F2C65FC876B9}.Release|Any CPU.Build.0 = Release|Any CPU
	EndGlobalSection
	GlobalSection(SolutionProperties) = preSolution
		HideSolutionNode = FALSE
	EndGlobalSection
	GlobalSection(ExtensibilityGlobals) = postSolution
		SolutionGuid = {D3D4811E-393C-41CD-A504-7DF39055E70B}
	EndGlobalSection
EndGlobal
