
Microsoft Visual Studio Solution File, Format Version 12.00
# Visual Studio Version 17
VisualStudioVersion = 17.7.34009.444
MinimumVisualStudioVersion = 10.0.40219.1
Project("{FAE04EC0-301F-11D3-BF4B-00C04F79EFBC}") = "5.CountSymbols", "5.CountSymbols\5.CountSymbols.csproj", "{19D4E771-C331-489B-BA2F-E45BAFC1A187}"
EndProject
Global
	GlobalSection(SolutionConfigurationPlatforms) = preSolution
		Debug|Any CPU = Debug|Any CPU
		Release|Any CPU = Release|Any CPU
	EndGlobalSection
	GlobalSection(ProjectConfigurationPlatforms) = postSolution
		{19D4E771-C331-489B-BA2F-E45BAFC1A187}.Debug|Any CPU.ActiveCfg = Debug|Any CPU
		{19D4E771-C331-489B-BA2F-E45BAFC1A187}.Debug|Any CPU.Build.0 = Debug|Any CPU
		{19D4E771-C331-489B-BA2F-E45BAFC1A187}.Release|Any CPU.ActiveCfg = Release|Any CPU
		{19D4E771-C331-489B-BA2F-E45BAFC1A187}.Release|Any CPU.Build.0 = Release|Any CPU
	EndGlobalSection
	GlobalSection(SolutionProperties) = preSolution
		HideSolutionNode = FALSE
	EndGlobalSection
	GlobalSection(ExtensibilityGlobals) = postSolution
		SolutionGuid = {67DEF87D-9CDE-43A0-ABE2-C721068D1195}
	EndGlobalSection
EndGlobal
