
Microsoft Visual Studio Solution File, Format Version 12.00
# Visual Studio Version 17
VisualStudioVersion = 17.7.34009.444
MinimumVisualStudioVersion = 10.0.40219.1
Project("{FAE04EC0-301F-11D3-BF4B-00C04F79EFBC}") = "01. ListyIterator", "01. ListyIterator\01. ListyIterator.csproj", "{4298BA2A-9636-465A-8DED-C5EFD1404CCF}"
EndProject
Global
	GlobalSection(SolutionConfigurationPlatforms) = preSolution
		Debug|Any CPU = Debug|Any CPU
		Release|Any CPU = Release|Any CPU
	EndGlobalSection
	GlobalSection(ProjectConfigurationPlatforms) = postSolution
		{4298BA2A-9636-465A-8DED-C5EFD1404CCF}.Debug|Any CPU.ActiveCfg = Debug|Any CPU
		{4298BA2A-9636-465A-8DED-C5EFD1404CCF}.Debug|Any CPU.Build.0 = Debug|Any CPU
		{4298BA2A-9636-465A-8DED-C5EFD1404CCF}.Release|Any CPU.ActiveCfg = Release|Any CPU
		{4298BA2A-9636-465A-8DED-C5EFD1404CCF}.Release|Any CPU.Build.0 = Release|Any CPU
	EndGlobalSection
	GlobalSection(SolutionProperties) = preSolution
		HideSolutionNode = FALSE
	EndGlobalSection
	GlobalSection(ExtensibilityGlobals) = postSolution
		SolutionGuid = {B3136C65-27D0-4C83-A3E2-1C0480F8293E}
	EndGlobalSection
EndGlobal
